
Microsoft Visual Studio Solution File, Format Version 12.00
# Visual Studio Version 17
VisualStudioVersion = 17.8.34004.107
MinimumVisualStudioVersion = 10.0.40219.1
Project("{FAE04EC0-301F-11D3-BF4B-00C04F79EFBC}") = "SistemaGestionUI", "SistemaGestionUI\SistemaGestionUI.csproj", "{B7719A04-B71F-46E9-9B11-8C55817E51A7}"
EndProject
Project("{FAE04EC0-301F-11D3-BF4B-00C04F79EFBC}") = "SistemaGestionData", "SistemaGestionData\SistemaGestionData.csproj", "{0E5B9497-CB81-46F7-B2E7-8D8D6D816521}"
EndProject
Project("{FAE04EC0-301F-11D3-BF4B-00C04F79EFBC}") = "SistemaGestionBussiness", "SistemaGestionBussiness\SistemaGestionBussiness.csproj", "{90E4384E-E6CA-4ACD-9720-B360B1B72C34}"
EndProject
Project("{FAE04EC0-301F-11D3-BF4B-00C04F79EFBC}") = "SistemaGestionEntities", "SistemaGestionEntities\SistemaGestionEntities.csproj", "{67E8BAC8-2844-4A51-A681-962CEF162250}"
EndProject
Global
	GlobalSection(SolutionConfigurationPlatforms) = preSolution
		Debug|Any CPU = Debug|Any CPU
		Release|Any CPU = Release|Any CPU
	EndGlobalSection
	GlobalSection(ProjectConfigurationPlatforms) = postSolution
		{B7719A04-B71F-46E9-9B11-8C55817E51A7}.Debug|Any CPU.ActiveCfg = Debug|Any CPU
		{B7719A04-B71F-46E9-9B11-8C55817E51A7}.Debug|Any CPU.Build.0 = Debug|Any CPU
		{B7719A04-B71F-46E9-9B11-8C55817E51A7}.Release|Any CPU.ActiveCfg = Release|Any CPU
		{B7719A04-B71F-46E9-9B11-8C55817E51A7}.Release|Any CPU.Build.0 = Release|Any CPU
		{0E5B9497-CB81-46F7-B2E7-8D8D6D816521}.Debug|Any CPU.ActiveCfg = Debug|Any CPU
		{0E5B9497-CB81-46F7-B2E7-8D8D6D816521}.Debug|Any CPU.Build.0 = Debug|Any CPU
		{0E5B9497-CB81-46F7-B2E7-8D8D6D816521}.Release|Any CPU.ActiveCfg = Release|Any CPU
		{0E5B9497-CB81-46F7-B2E7-8D8D6D816521}.Release|Any CPU.Build.0 = Release|Any CPU
		{90E4384E-E6CA-4ACD-9720-B360B1B72C34}.Debug|Any CPU.ActiveCfg = Debug|Any CPU
		{90E4384E-E6CA-4ACD-9720-B360B1B72C34}.Debug|Any CPU.Build.0 = Debug|Any CPU
		{90E4384E-E6CA-4ACD-9720-B360B1B72C34}.Release|Any CPU.ActiveCfg = Release|Any CPU
		{90E4384E-E6CA-4ACD-9720-B360B1B72C34}.Release|Any CPU.Build.0 = Release|Any CPU
		{67E8BAC8-2844-4A51-A681-962CEF162250}.Debug|Any CPU.ActiveCfg = Debug|Any CPU
		{67E8BAC8-2844-4A51-A681-962CEF162250}.Debug|Any CPU.Build.0 = Debug|Any CPU
		{67E8BAC8-2844-4A51-A681-962CEF162250}.Release|Any CPU.ActiveCfg = Release|Any CPU
		{67E8BAC8-2844-4A51-A681-962CEF162250}.Release|Any CPU.Build.0 = Release|Any CPU
	EndGlobalSection
	GlobalSection(SolutionProperties) = preSolution
		HideSolutionNode = FALSE
	EndGlobalSection
	GlobalSection(ExtensibilityGlobals) = postSolution
		SolutionGuid = {E883D050-7D23-494F-BDA9-849CC95EF8C3}
	EndGlobalSection
EndGlobal
